// !$*UTF8*$!
{
	archiveVersion = 1;
	classes = {
	};
	objectVersion = 50;
	objects = {

/* Begin PBXBuildFile section */
		47843046232551C700AFD1E2 /* AppDelegate.swift in Sources */ = {isa = PBXBuildFile; fileRef = 47843045232551C700AFD1E2 /* AppDelegate.swift */; };
		47843048232551C700AFD1E2 /* MainViewController.swift in Sources */ = {isa = PBXBuildFile; fileRef = 47843047232551C700AFD1E2 /* MainViewController.swift */; };
		4784304D232551C800AFD1E2 /* Assets.xcassets in Resources */ = {isa = PBXBuildFile; fileRef = 4784304C232551C800AFD1E2 /* Assets.xcassets */; };
		47843050232551C800AFD1E2 /* LaunchScreen.storyboard in Resources */ = {isa = PBXBuildFile; fileRef = 4784304E232551C800AFD1E2 /* LaunchScreen.storyboard */; };
		478430582327CCD200AFD1E2 /* Spring-In-My-Step.mp3 in Resources */ = {isa = PBXBuildFile; fileRef = 478430572327CCD200AFD1E2 /* Spring-In-My-Step.mp3 */; };
		4784305C2327EF0500AFD1E2 /* Constants.swift in Sources */ = {isa = PBXBuildFile; fileRef = 4784305B2327EF0500AFD1E2 /* Constants.swift */; };
		4784305E232921B900AFD1E2 /* Extensions.swift in Sources */ = {isa = PBXBuildFile; fileRef = 4784305D232921B900AFD1E2 /* Extensions.swift */; };
		4784306823292ACD00AFD1E2 /* TopLabel.swift in Sources */ = {isa = PBXBuildFile; fileRef = 4784306723292ACD00AFD1E2 /* TopLabel.swift */; };
/* End PBXBuildFile section */

/* Begin PBXFileReference section */
		47843042232551C700AFD1E2 /* Tic-tac-toe.app */ = {isa = PBXFileReference; explicitFileType = wrapper.application; includeInIndex = 0; path = "Tic-tac-toe.app"; sourceTree = BUILT_PRODUCTS_DIR; };
		47843045232551C700AFD1E2 /* AppDelegate.swift */ = {isa = PBXFileReference; lastKnownFileType = sourcecode.swift; path = AppDelegate.swift; sourceTree = "<group>"; };
		47843047232551C700AFD1E2 /* MainViewController.swift */ = {isa = PBXFileReference; lastKnownFileType = sourcecode.swift; path = MainViewController.swift; sourceTree = "<group>"; };
		4784304C232551C800AFD1E2 /* Assets.xcassets */ = {isa = PBXFileReference; lastKnownFileType = folder.assetcatalog; path = Assets.xcassets; sourceTree = "<group>"; };
		4784304F232551C800AFD1E2 /* Base */ = {isa = PBXFileReference; lastKnownFileType = file.storyboard; name = Base; path = Base.lproj/LaunchScreen.storyboard; sourceTree = "<group>"; };
		47843051232551C800AFD1E2 /* Info.plist */ = {isa = PBXFileReference; lastKnownFileType = text.plist.xml; path = Info.plist; sourceTree = "<group>"; };
		478430572327CCD200AFD1E2 /* Spring-In-My-Step.mp3 */ = {isa = PBXFileReference; lastKnownFileType = audio.mp3; path = "Spring-In-My-Step.mp3"; sourceTree = "<group>"; };
		4784305B2327EF0500AFD1E2 /* Constants.swift */ = {isa = PBXFileReference; lastKnownFileType = sourcecode.swift; path = Constants.swift; sourceTree = "<group>"; };
		4784305D232921B900AFD1E2 /* Extensions.swift */ = {isa = PBXFileReference; lastKnownFileType = sourcecode.swift; path = Extensions.swift; sourceTree = "<group>"; };
		4784306723292ACD00AFD1E2 /* TopLabel.swift */ = {isa = PBXFileReference; lastKnownFileType = sourcecode.swift; path = TopLabel.swift; sourceTree = "<group>"; };
/* End PBXFileReference section */

/* Begin PBXFrameworksBuildPhase section */
		4784303F232551C700AFD1E2 /* Frameworks */ = {
			isa = PBXFrameworksBuildPhase;
			buildActionMask = 2147483647;
			files = (
			);
			runOnlyForDeploymentPostprocessing = 0;
		};
/* End PBXFrameworksBuildPhase section */

/* Begin PBXGroup section */
		47843039232551C700AFD1E2 = {
			isa = PBXGroup;
			children = (
				47843044232551C700AFD1E2 /* Tic-tac-toe */,
				47843043232551C700AFD1E2 /* Products */,
			);
			sourceTree = "<group>";
		};
		47843043232551C700AFD1E2 /* Products */ = {
			isa = PBXGroup;
			children = (
				47843042232551C700AFD1E2 /* Tic-tac-toe.app */,
			);
			name = Products;
			sourceTree = "<group>";
		};
		47843044232551C700AFD1E2 /* Tic-tac-toe */ = {
			isa = PBXGroup;
			children = (
				47843045232551C700AFD1E2 /* AppDelegate.swift */,
				4784305B2327EF0500AFD1E2 /* Constants.swift */,
				4784305D232921B900AFD1E2 /* Extensions.swift */,
				47843047232551C700AFD1E2 /* MainViewController.swift */,
				4784306723292ACD00AFD1E2 /* TopLabel.swift */,
				4784304C232551C800AFD1E2 /* Assets.xcassets */,
				4784304E232551C800AFD1E2 /* LaunchScreen.storyboard */,
				478430572327CCD200AFD1E2 /* Spring-In-My-Step.mp3 */,
				47843051232551C800AFD1E2 /* Info.plist */,
			);
			path = "Tic-tac-toe";
			sourceTree = "<group>";
		};
/* End PBXGroup section */

/* Begin PBXNativeTarget section */
		47843041232551C700AFD1E2 /* Tic-tac-toe */ = {
			isa = PBXNativeTarget;
			buildConfigurationList = 47843054232551C800AFD1E2 /* Build configuration list for PBXNativeTarget "Tic-tac-toe" */;
			buildPhases = (
				4784303E232551C700AFD1E2 /* Sources */,
				4784303F232551C700AFD1E2 /* Frameworks */,
				47843040232551C700AFD1E2 /* Resources */,
			);
			buildRules = (
			);
			dependencies = (
			);
			name = "Tic-tac-toe";
			productName = "Tic-tac-toe";
			productReference = 47843042232551C700AFD1E2 /* Tic-tac-toe.app */;
			productType = "com.apple.product-type.application";
		};
/* End PBXNativeTarget section */

/* Begin PBXProject section */
		4784303A232551C700AFD1E2 /* Project object */ = {
			isa = PBXProject;
			attributes = {
				LastSwiftUpdateCheck = 1030;
				LastUpgradeCheck = 1030;
				ORGANIZATIONNAME = "Aleksandr Tsebrii";
				TargetAttributes = {
					47843041232551C700AFD1E2 = {
						CreatedOnToolsVersion = 10.3;
					};
				};
			};
			buildConfigurationList = 4784303D232551C700AFD1E2 /* Build configuration list for PBXProject "Tic-tac-toe" */;
			compatibilityVersion = "Xcode 9.3";
			developmentRegion = en;
			hasScannedForEncodings = 0;
			knownRegions = (
				en,
				Base,
			);
			mainGroup = 47843039232551C700AFD1E2;
			productRefGroup = 47843043232551C700AFD1E2 /* Products */;
			projectDirPath = "";
			projectRoot = "";
			targets = (
				47843041232551C700AFD1E2 /* Tic-tac-toe */,
			);
		};
/* End PBXProject section */

/* Begin PBXResourcesBuildPhase section */
		47843040232551C700AFD1E2 /* Resources */ = {
			isa = PBXResourcesBuildPhase;
			buildActionMask = 2147483647;
			files = (
				47843050232551C800AFD1E2 /* LaunchScreen.storyboard in Resources */,
				4784304D232551C800AFD1E2 /* Assets.xcassets in Resources */,
				478430582327CCD200AFD1E2 /* Spring-In-My-Step.mp3 in Resources */,
			);
			runOnlyForDeploymentPostprocessing = 0;
		};
/* End PBXResourcesBuildPhase section */

/* Begin PBXSourcesBuildPhase section */
		4784303E232551C700AFD1E2 /* Sources */ = {
			isa = PBXSourcesBuildPhase;
			buildActionMask = 2147483647;
			files = (
				4784306823292ACD00AFD1E2 /* TopLabel.swift in Sources */,
				47843048232551C700AFD1E2 /* MainViewController.swift in Sources */,
				47843046232551C700AFD1E2 /* AppDelegate.swift in Sources */,
				4784305C2327EF0500AFD1E2 /* Constants.swift in Sources */,
				4784305E232921B900AFD1E2 /* Extensions.swift in Sources */,
			);
			runOnlyForDeploymentPostprocessing = 0;
		};
/* End PBXSourcesBuildPhase section */

/* Begin PBXVariantGroup section */
		4784304E232551C800AFD1E2 /* LaunchScreen.storyboard */ = {
			isa = PBXVariantGroup;
			children = (
				4784304F232551C800AFD1E2 /* Base */,
			);
			name = LaunchScreen.storyboard;
			sourceTree = "<group>";
		};
/* End PBXVariantGroup section */

/* Begin XCBuildConfiguration section */
		47843052232551C800AFD1E2 /* Debug */ = {
			isa = XCBuildConfiguration;
			buildSettings = {
				ALWAYS_SEARCH_USER_PATHS = NO;
				CLANG_ANALYZER_NONNULL = YES;
				CLANG_ANALYZER_NUMBER_OBJECT_CONVERSION = YES_AGGRESSIVE;
				CLANG_CXX_LANGUAGE_STANDARD = "gnu++14";
				CLANG_CXX_LIBRARY = "libc++";
				CLANG_ENABLE_MODULES = YES;
				CLANG_ENABLE_OBJC_ARC = YES;
				CLANG_ENABLE_OBJC_WEAK = YES;
				CLANG_WARN_BLOCK_CAPTURE_AUTORELEASING = YES;
				CLANG_WARN_BOOL_CONVERSION = YES;
				CLANG_WARN_COMMA = YES;
				CLANG_WARN_CONSTANT_CONVERSION = YES;
				CLANG_WARN_DEPRECATED_OBJC_IMPLEMENTATIONS = YES;
				CLANG_WARN_DIRECT_OBJC_ISA_USAGE = YES_ERROR;
				CLANG_WARN_DOCUMENTATION_COMMENTS = YES;
				CLANG_WARN_EMPTY_BODY = YES;
				CLANG_WARN_ENUM_CONVERSION = YES;
				CLANG_WARN_INFINITE_RECURSION = YES;
				CLANG_WARN_INT_CONVERSION = YES;
				CLANG_WARN_NON_LITERAL_NULL_CONVERSION = YES;
				CLANG_WARN_OBJC_IMPLICIT_RETAIN_SELF = YES;
				CLANG_WARN_OBJC_LITERAL_CONVERSION = YES;
				CLANG_WARN_OBJC_ROOT_CLASS = YES_ERROR;
				CLANG_WARN_RANGE_LOOP_ANALYSIS = YES;
				CLANG_WARN_STRICT_PROTOTYPES = YES;
				CLANG_WARN_SUSPICIOUS_MOVE = YES;
				CLANG_WARN_UNGUARDED_AVAILABILITY = YES_AGGRESSIVE;
				CLANG_WARN_UNREACHABLE_CODE = YES;
				CLANG_WARN__DUPLICATE_METHOD_MATCH = YES;
				CODE_SIGN_IDENTITY = "iPhone Developer";
				COPY_PHASE_STRIP = NO;
				DEBUG_INFORMATION_FORMAT = dwarf;
				ENABLE_STRICT_OBJC_MSGSEND = YES;
				ENABLE_TESTABILITY = YES;
				GCC_C_LANGUAGE_STANDARD = gnu11;
				GCC_DYNAMIC_NO_PIC = NO;
				GCC_NO_COMMON_BLOCKS = YES;
				GCC_OPTIMIZATION_LEVEL = 0;
				GCC_PREPROCESSOR_DEFINITIONS = (
					"DEBUG=1",
					"$(inherited)",
				);
				GCC_WARN_64_TO_32_BIT_CONVERSION = YES;
				GCC_WARN_ABOUT_RETURN_TYPE = YES_ERROR;
				GCC_WARN_UNDECLARED_SELECTOR = YES;
				GCC_WARN_UNINITIALIZED_AUTOS = YES_AGGRESSIVE;
				GCC_WARN_UNUSED_FUNCTION = YES;
				GCC_WARN_UNUSED_VARIABLE = YES;
				IPHONEOS_DEPLOYMENT_TARGET = 12.4;
				MTL_ENABLE_DEBUG_INFO = INCLUDE_SOURCE;
				MTL_FAST_MATH = YES;
				ONLY_ACTIVE_ARCH = YES;
				SDKROOT = iphoneos;
				SWIFT_ACTIVE_COMPILATION_CONDITIONS = DEBUG;
				SWIFT_OPTIMIZATION_LEVEL = "-Onone";
			};
			name = Debug;
		};
		47843053232551C800AFD1E2 /* Release */ = {
			isa = XCBuildConfiguration;
			buildSettings = {
				ALWAYS_SEARCH_USER_PATHS = NO;
				CLANG_ANALYZER_NONNULL = YES;
				CLANG_ANALYZER_NUMBER_OBJECT_CONVERSION = YES_AGGRESSIVE;
				CLANG_CXX_LANGUAGE_STANDARD = "gnu++14";
				CLANG_CXX_LIBRARY = "libc++";
				CLANG_ENABLE_MODULES = YES;
				CLANG_ENABLE_OBJC_ARC = YES;
				CLANG_ENABLE_OBJC_WEAK = YES;
				CLANG_WARN_BLOCK_CAPTURE_AUTORELEASING = YES;
				CLANG_WARN_BOOL_CONVERSION = YES;
				CLANG_WARN_COMMA = YES;
				CLANG_WARN_CONSTANT_CONVERSION = YES;
				CLANG_WARN_DEPRECATED_OBJC_IMPLEMENTATIONS = YES;
				CLANG_WARN_DIRECT_OBJC_ISA_USAGE = YES_ERROR;
				CLANG_WARN_DOCUMENTATION_COMMENTS = YES;
				CLANG_WARN_EMPTY_BODY = YES;
				CLANG_WARN_ENUM_CONVERSION = YES;
				CLANG_WARN_INFINITE_RECURSION = YES;
				CLANG_WARN_INT_CONVERSION = YES;
				CLANG_WARN_NON_LITERAL_NULL_CONVERSION = YES;
				CLANG_WARN_OBJC_IMPLICIT_RETAIN_SELF = YES;
				CLANG_WARN_OBJC_LITERAL_CONVERSION = YES;
				CLANG_WARN_OBJC_ROOT_CLASS = YES_ERROR;
				CLANG_WARN_RANGE_LOOP_ANALYSIS = YES;
				CLANG_WARN_STRICT_PROTOTYPES = YES;
				CLANG_WARN_SUSPICIOUS_MOVE = YES;
				CLANG_WARN_UNGUARDED_AVAILABILITY = YES_AGGRESSIVE;
				CLANG_WARN_UNREACHABLE_CODE = YES;
				CLANG_WARN__DUPLICATE_METHOD_MATCH = YES;
				CODE_SIGN_IDENTITY = "iPhone Developer";
				COPY_PHASE_STRIP = NO;
				DEBUG_INFORMATION_FORMAT = "dwarf-with-dsym";
				ENABLE_NS_ASSERTIONS = NO;
				ENABLE_STRICT_OBJC_MSGSEND = YES;
				GCC_C_LANGUAGE_STANDARD = gnu11;
				GCC_NO_COMMON_BLOCKS = YES;
				GCC_WARN_64_TO_32_BIT_CONVERSION = YES;
				GCC_WARN_ABOUT_RETURN_TYPE = YES_ERROR;
				GCC_WARN_UNDECLARED_SELECTOR = YES;
				GCC_WARN_UNINITIALIZED_AUTOS = YES_AGGRESSIVE;
				GCC_WARN_UNUSED_FUNCTION = YES;
				GCC_WARN_UNUSED_VARIABLE = YES;
				IPHONEOS_DEPLOYMENT_TARGET = 12.4;
				MTL_ENABLE_DEBUG_INFO = NO;
				MTL_FAST_MATH = YES;
				SDKROOT = iphoneos;
				SWIFT_COMPILATION_MODE = wholemodule;
				SWIFT_OPTIMIZATION_LEVEL = "-O";
				VALIDATE_PRODUCT = YES;
			};
			name = Release;
		};
		47843055232551C800AFD1E2 /* Debug */ = {
			isa = XCBuildConfiguration;
			buildSettings = {
				ASSETCATALOG_COMPILER_APPICON_NAME = AppIcon;
				CODE_SIGN_STYLE = Automatic;
				DEVELOPMENT_TEAM = B7MN8DCB97;
				INFOPLIST_FILE = "Tic-tac-toe/Info.plist";
				LD_RUNPATH_SEARCH_PATHS = (
					"$(inherited)",
					"@executable_path/Frameworks",
				);
				PRODUCT_BUNDLE_IDENTIFIER = "aleksandr.tsebrii.Tic-tac-toe";
				PRODUCT_NAME = "$(TARGET_NAME)";
				SWIFT_VERSION = 5.0;
				TARGETED_DEVICE_FAMILY = 1;
			};
			name = Debug;
		};
		47843056232551C800AFD1E2 /* Release */ = {
			isa = XCBuildConfiguration;
			buildSettings = {
				ASSETCATALOG_COMPILER_APPICON_NAME = AppIcon;
				CODE_SIGN_STYLE = Automatic;
				DEVELOPMENT_TEAM = B7MN8DCB97;
				INFOPLIST_FILE = "Tic-tac-toe/Info.plist";
				LD_RUNPATH_SEARCH_PATHS = (
					"$(inherited)",
					"@executable_path/Frameworks",
				);
				PRODUCT_BUNDLE_IDENTIFIER = "aleksandr.tsebrii.Tic-tac-toe";
				PRODUCT_NAME = "$(TARGET_NAME)";
				SWIFT_VERSION = 5.0;
				TARGETED_DEVICE_FAMILY = 1;
			};
			name = Release;
		};
/* End XCBuildConfiguration section */

/* Begin XCConfigurationList section */
		4784303D232551C700AFD1E2 /* Build configuration list for PBXProject "Tic-tac-toe" */ = {
			isa = XCConfigurationList;
			buildConfigurations = (
				47843052232551C800AFD1E2 /* Debug */,
				47843053232551C800AFD1E2 /* Release */,
			);
			defaultConfigurationIsVisible = 0;
			defaultConfigurationName = Release;
		};
		47843054232551C800AFD1E2 /* Build configuration list for PBXNativeTarget "Tic-tac-toe" */ = {
			isa = XCConfigurationList;
			buildConfigurations = (
				47843055232551C800AFD1E2 /* Debug */,
				47843056232551C800AFD1E2 /* Release */,
			);
			defaultConfigurationIsVisible = 0;
			defaultConfigurationName = Release;
		};
/* End XCConfigurationList section */
	};
	rootObject = 4784303A232551C700AFD1E2 /* Project object */;
}
